
Microsoft Visual Studio Solution File, Format Version 12.00
# Visual Studio 14
VisualStudioVersion = 14.0.25420.1
MinimumVisualStudioVersion = 10.0.40219.1
Project("{FAE04EC0-301F-11D3-BF4B-00C04F79EFBC}") = "WvsAppLib", "WvsAppLib\WvsAppLib.csproj", "{5019A85E-501E-4CAC-A931-56BC767E1247}"
EndProject
Project("{FAE04EC0-301F-11D3-BF4B-00C04F79EFBC}") = "TestingConsole", "TestingConsole\TestingConsole.csproj", "{7E68D86F-E7ED-4315-8FFB-513266B1C260}"
EndProject
Global
	GlobalSection(SolutionConfigurationPlatforms) = preSolution
		Debug|Any CPU = Debug|Any CPU
		Release|Any CPU = Release|Any CPU
	EndGlobalSection
	GlobalSection(ProjectConfigurationPlatforms) = postSolution
		{5019A85E-501E-4CAC-A931-56BC767E1247}.Debug|Any CPU.ActiveCfg = Debug|Any CPU
		{5019A85E-501E-4CAC-A931-56BC767E1247}.Debug|Any CPU.Build.0 = Debug|Any CPU
		{5019A85E-501E-4CAC-A931-56BC767E1247}.Release|Any CPU.ActiveCfg = Release|Any CPU
		{5019A85E-501E-4CAC-A931-56BC767E1247}.Release|Any CPU.Build.0 = Release|Any CPU
		{7E68D86F-E7ED-4315-8FFB-513266B1C260}.Debug|Any CPU.ActiveCfg = Debug|Any CPU
		{7E68D86F-E7ED-4315-8FFB-513266B1C260}.Debug|Any CPU.Build.0 = Debug|Any CPU
		{7E68D86F-E7ED-4315-8FFB-513266B1C260}.Release|Any CPU.ActiveCfg = Release|Any CPU
		{7E68D86F-E7ED-4315-8FFB-513266B1C260}.Release|Any CPU.Build.0 = Release|Any CPU
	EndGlobalSection
	GlobalSection(SolutionProperties) = preSolution
		HideSolutionNode = FALSE
	EndGlobalSection
EndGlobal
